
Microsoft Visual Studio Solution File, Format Version 12.00
# Visual Studio Version 16
VisualStudioVersion = 16.0.31410.357
MinimumVisualStudioVersion = 10.0.40219.1
Project("{8BC9CEB8-8B4A-11D0-8D11-00A0C91BC942}") = "VMeasure", "VMeasure\VMeasure.vcxproj", "{1F9F90B8-80A3-4513-B163-C1CB9A47AAEE}"
EndProject
Project("{8BC9CEB8-8B4A-11D0-8D11-00A0C91BC942}") = "QPCLVisualizer", "QPCLVisualizer\QPCLVisualizer.vcxproj", "{2BFB28C3-50E3-4D4A-A462-E917847D646D}"
EndProject
Global
	GlobalSection(SolutionConfigurationPlatforms) = preSolution
		Debug|x64 = Debug|x64
		Debug|x86 = Debug|x86
		Release|x64 = Release|x64
		Release|x86 = Release|x86
	EndGlobalSection
	GlobalSection(ProjectConfigurationPlatforms) = postSolution
		{1F9F90B8-80A3-4513-B163-C1CB9A47AAEE}.Debug|x64.ActiveCfg = Debug|x64
		{1F9F90B8-80A3-4513-B163-C1CB9A47AAEE}.Debug|x64.Build.0 = Debug|x64
		{1F9F90B8-80A3-4513-B163-C1CB9A47AAEE}.Debug|x86.ActiveCfg = Debug|Win32
		{1F9F90B8-80A3-4513-B163-C1CB9A47AAEE}.Debug|x86.Build.0 = Debug|Win32
		{1F9F90B8-80A3-4513-B163-C1CB9A47AAEE}.Release|x64.ActiveCfg = Release|x64
		{1F9F90B8-80A3-4513-B163-C1CB9A47AAEE}.Release|x64.Build.0 = Release|x64
		{1F9F90B8-80A3-4513-B163-C1CB9A47AAEE}.Release|x86.ActiveCfg = Release|Win32
		{1F9F90B8-80A3-4513-B163-C1CB9A47AAEE}.Release|x86.Build.0 = Release|Win32
		{2BFB28C3-50E3-4D4A-A462-E917847D646D}.Debug|x64.ActiveCfg = Debug|x64
		{2BFB28C3-50E3-4D4A-A462-E917847D646D}.Debug|x64.Build.0 = Debug|x64
		{2BFB28C3-50E3-4D4A-A462-E917847D646D}.Debug|x86.ActiveCfg = Debug|x64
		{2BFB28C3-50E3-4D4A-A462-E917847D646D}.Release|x64.ActiveCfg = Release|x64
		{2BFB28C3-50E3-4D4A-A462-E917847D646D}.Release|x64.Build.0 = Release|x64
		{2BFB28C3-50E3-4D4A-A462-E917847D646D}.Release|x86.ActiveCfg = Release|x64
	EndGlobalSection
	GlobalSection(SolutionProperties) = preSolution
		HideSolutionNode = FALSE
	EndGlobalSection
	GlobalSection(ExtensibilityGlobals) = postSolution
		SolutionGuid = {470769A4-243B-4514-97D5-DCA18FE3743F}
	EndGlobalSection
EndGlobal
